// !$*UTF8*$!
{
	archiveVersion = 1;
	classes = {
	};
	objectVersion = 55;
	objects = {

/* Begin PBXBuildFile section */
		EE2185C527051A81000B9554 /* TrackTests.swift in Sources */ = {isa = PBXBuildFile; fileRef = EE2185C427051A81000B9554 /* TrackTests.swift */; };
		EE2185C727051AF2000B9554 /* AlbumTests.swift in Sources */ = {isa = PBXBuildFile; fileRef = EE2185C627051AF2000B9554 /* AlbumTests.swift */; };
		EE3EA38E26FD30CA00E3835A /* MusicAppApp.swift in Sources */ = {isa = PBXBuildFile; fileRef = EE3EA38D26FD30CA00E3835A /* MusicAppApp.swift */; };
		EE3EA39226FD30CB00E3835A /* Assets.xcassets in Resources */ = {isa = PBXBuildFile; fileRef = EE3EA39126FD30CB00E3835A /* Assets.xcassets */; };
		EE3EA39526FD30CB00E3835A /* Preview Assets.xcassets in Resources */ = {isa = PBXBuildFile; fileRef = EE3EA39426FD30CB00E3835A /* Preview Assets.xcassets */; };
		EE3EA39F26FD30CC00E3835A /* MusicAppTests.swift in Sources */ = {isa = PBXBuildFile; fileRef = EE3EA39E26FD30CC00E3835A /* MusicAppTests.swift */; };
		EE3EA3BC26FD353000E3835A /* Artist.swift in Sources */ = {isa = PBXBuildFile; fileRef = EE3EA3BB26FD353000E3835A /* Artist.swift */; };
		EE3EA3BF26FD354200E3835A /* Album.swift in Sources */ = {isa = PBXBuildFile; fileRef = EE3EA3BE26FD354200E3835A /* Album.swift */; };
		EE3EA3C426FD360000E3835A /* Track.swift in Sources */ = {isa = PBXBuildFile; fileRef = EE3EA3C326FD360000E3835A /* Track.swift */; };
		EE3EA3C627008C2000E3835A /* ArtistsRepository.swift in Sources */ = {isa = PBXBuildFile; fileRef = EE3EA3C527008C2000E3835A /* ArtistsRepository.swift */; };
		EE3EA3C827008D4F00E3835A /* APIError.swift in Sources */ = {isa = PBXBuildFile; fileRef = EE3EA3C727008D4F00E3835A /* APIError.swift */; };
		EE3EA3D027008F5B00E3835A /* ArtistsRemoteRepository.swift in Sources */ = {isa = PBXBuildFile; fileRef = EE3EA3CF27008F5B00E3835A /* ArtistsRemoteRepository.swift */; };
		EE3EA3D4270094BE00E3835A /* Response.swift in Sources */ = {isa = PBXBuildFile; fileRef = EE3EA3D3270094BE00E3835A /* Response.swift */; };
		EE3EA3D627009DF800E3835A /* URLSession+Extensions.swift in Sources */ = {isa = PBXBuildFile; fileRef = EE3EA3D527009DF800E3835A /* URLSession+Extensions.swift */; };
		EE3EA3D827009F0800E3835A /* ArtistsListView.swift in Sources */ = {isa = PBXBuildFile; fileRef = EE3EA3D727009F0800E3835A /* ArtistsListView.swift */; };
		EE3EA3DA27009F2400E3835A /* ArtistListViewModel.swift in Sources */ = {isa = PBXBuildFile; fileRef = EE3EA3D927009F2400E3835A /* ArtistListViewModel.swift */; };
		EE3EA3DD2700C92B00E3835A /* ThumbnailImageView.swift in Sources */ = {isa = PBXBuildFile; fileRef = EE3EA3DC2700C92B00E3835A /* ThumbnailImageView.swift */; };
		EE3EA3DF2700D59800E3835A /* AlbumListView.swift in Sources */ = {isa = PBXBuildFile; fileRef = EE3EA3DE2700D59800E3835A /* AlbumListView.swift */; };
		EE3EA3E12700D73500E3835A /* AlbumListViewModel.swift in Sources */ = {isa = PBXBuildFile; fileRef = EE3EA3E02700D73500E3835A /* AlbumListViewModel.swift */; };
		EE3EA3E32700DA5300E3835A /* AlbumView.swift in Sources */ = {isa = PBXBuildFile; fileRef = EE3EA3E22700DA5300E3835A /* AlbumView.swift */; };
		EE3EA3E62700E53100E3835A /* TrackListView.swift in Sources */ = {isa = PBXBuildFile; fileRef = EE3EA3E52700E53100E3835A /* TrackListView.swift */; };
		EE3EA3E82700E61F00E3835A /* TrackListViewModel.swift in Sources */ = {isa = PBXBuildFile; fileRef = EE3EA3E72700E61F00E3835A /* TrackListViewModel.swift */; };
		EE3EA3EC27050FA400E3835A /* MockArtistRepository.swift in Sources */ = {isa = PBXBuildFile; fileRef = EE3EA3EB27050FA400E3835A /* MockArtistRepository.swift */; };
		EE3EA3F42705115500E3835A /* albums.json in Resources */ = {isa = PBXBuildFile; fileRef = EE3EA3F12705115500E3835A /* albums.json */; };
		EE3EA3F52705115500E3835A /* artists.json in Resources */ = {isa = PBXBuildFile; fileRef = EE3EA3F22705115500E3835A /* artists.json */; };
		EE3EA3F62705115500E3835A /* tracks.json in Resources */ = {isa = PBXBuildFile; fileRef = EE3EA3F32705115500E3835A /* tracks.json */; };
		EE3EA3F82705117300E3835A /* DataLoader.swift in Sources */ = {isa = PBXBuildFile; fileRef = EE3EA3F72705117300E3835A /* DataLoader.swift */; };
		EE3EA3FA2705133300E3835A /* ArtistRepositoryTests.swift in Sources */ = {isa = PBXBuildFile; fileRef = EE3EA3F92705133300E3835A /* ArtistRepositoryTests.swift */; };
		EE3EA3FC2705164700E3835A /* ArtistListViewModelTests.swift in Sources */ = {isa = PBXBuildFile; fileRef = EE3EA3FB2705164700E3835A /* ArtistListViewModelTests.swift */; };
		EE3EA3FE270517E100E3835A /* AlbumListViewModelTests.swift in Sources */ = {isa = PBXBuildFile; fileRef = EE3EA3FD270517E100E3835A /* AlbumListViewModelTests.swift */; };
		EE3EA4002705189700E3835A /* TrackListViewModelTests.swift in Sources */ = {isa = PBXBuildFile; fileRef = EE3EA3FF2705189700E3835A /* TrackListViewModelTests.swift */; };
		EE3EA4022705190C00E3835A /* ArtistTests.swift in Sources */ = {isa = PBXBuildFile; fileRef = EE3EA4012705190C00E3835A /* ArtistTests.swift */; };
/* End PBXBuildFile section */

/* Begin PBXContainerItemProxy section */
		EE3EA39B26FD30CC00E3835A /* PBXContainerItemProxy */ = {
			isa = PBXContainerItemProxy;
			containerPortal = EE3EA38226FD30CA00E3835A /* Project object */;
			proxyType = 1;
			remoteGlobalIDString = EE3EA38926FD30CA00E3835A;
			remoteInfo = MusicApp;
		};
/* End PBXContainerItemProxy section */

/* Begin PBXFileReference section */
		EE2185C427051A81000B9554 /* TrackTests.swift */ = {isa = PBXFileReference; lastKnownFileType = sourcecode.swift; path = TrackTests.swift; sourceTree = "<group>"; };
		EE2185C627051AF2000B9554 /* AlbumTests.swift */ = {isa = PBXFileReference; lastKnownFileType = sourcecode.swift; path = AlbumTests.swift; sourceTree = "<group>"; };
		EE3EA38A26FD30CA00E3835A /* MusicApp.app */ = {isa = PBXFileReference; explicitFileType = wrapper.application; includeInIndex = 0; path = MusicApp.app; sourceTree = BUILT_PRODUCTS_DIR; };
		EE3EA38D26FD30CA00E3835A /* MusicAppApp.swift */ = {isa = PBXFileReference; lastKnownFileType = sourcecode.swift; path = MusicAppApp.swift; sourceTree = "<group>"; };
		EE3EA39126FD30CB00E3835A /* Assets.xcassets */ = {isa = PBXFileReference; lastKnownFileType = folder.assetcatalog; path = Assets.xcassets; sourceTree = "<group>"; };
		EE3EA39426FD30CB00E3835A /* Preview Assets.xcassets */ = {isa = PBXFileReference; lastKnownFileType = folder.assetcatalog; path = "Preview Assets.xcassets"; sourceTree = "<group>"; };
		EE3EA39A26FD30CC00E3835A /* MusicAppTests.xctest */ = {isa = PBXFileReference; explicitFileType = wrapper.cfbundle; includeInIndex = 0; path = MusicAppTests.xctest; sourceTree = BUILT_PRODUCTS_DIR; };
		EE3EA39E26FD30CC00E3835A /* MusicAppTests.swift */ = {isa = PBXFileReference; lastKnownFileType = sourcecode.swift; path = MusicAppTests.swift; sourceTree = "<group>"; };
		EE3EA3BB26FD353000E3835A /* Artist.swift */ = {isa = PBXFileReference; lastKnownFileType = sourcecode.swift; path = Artist.swift; sourceTree = "<group>"; };
		EE3EA3BE26FD354200E3835A /* Album.swift */ = {isa = PBXFileReference; lastKnownFileType = sourcecode.swift; path = Album.swift; sourceTree = "<group>"; };
		EE3EA3C326FD360000E3835A /* Track.swift */ = {isa = PBXFileReference; lastKnownFileType = sourcecode.swift; path = Track.swift; sourceTree = "<group>"; };
		EE3EA3C527008C2000E3835A /* ArtistsRepository.swift */ = {isa = PBXFileReference; lastKnownFileType = sourcecode.swift; path = ArtistsRepository.swift; sourceTree = "<group>"; };
		EE3EA3C727008D4F00E3835A /* APIError.swift */ = {isa = PBXFileReference; lastKnownFileType = sourcecode.swift; path = APIError.swift; sourceTree = "<group>"; };
		EE3EA3CF27008F5B00E3835A /* ArtistsRemoteRepository.swift */ = {isa = PBXFileReference; lastKnownFileType = sourcecode.swift; path = ArtistsRemoteRepository.swift; sourceTree = "<group>"; };
		EE3EA3D3270094BE00E3835A /* Response.swift */ = {isa = PBXFileReference; lastKnownFileType = sourcecode.swift; path = Response.swift; sourceTree = "<group>"; };
		EE3EA3D527009DF800E3835A /* URLSession+Extensions.swift */ = {isa = PBXFileReference; lastKnownFileType = sourcecode.swift; path = "URLSession+Extensions.swift"; sourceTree = "<group>"; };
		EE3EA3D727009F0800E3835A /* ArtistsListView.swift */ = {isa = PBXFileReference; lastKnownFileType = sourcecode.swift; path = ArtistsListView.swift; sourceTree = "<group>"; };
		EE3EA3D927009F2400E3835A /* ArtistListViewModel.swift */ = {isa = PBXFileReference; lastKnownFileType = sourcecode.swift; path = ArtistListViewModel.swift; sourceTree = "<group>"; };
		EE3EA3DC2700C92B00E3835A /* ThumbnailImageView.swift */ = {isa = PBXFileReference; lastKnownFileType = sourcecode.swift; path = ThumbnailImageView.swift; sourceTree = "<group>"; };
		EE3EA3DE2700D59800E3835A /* AlbumListView.swift */ = {isa = PBXFileReference; lastKnownFileType = sourcecode.swift; path = AlbumListView.swift; sourceTree = "<group>"; };
		EE3EA3E02700D73500E3835A /* AlbumListViewModel.swift */ = {isa = PBXFileReference; lastKnownFileType = sourcecode.swift; path = AlbumListViewModel.swift; sourceTree = "<group>"; };
		EE3EA3E22700DA5300E3835A /* AlbumView.swift */ = {isa = PBXFileReference; lastKnownFileType = sourcecode.swift; path = AlbumView.swift; sourceTree = "<group>"; };
		EE3EA3E52700E53100E3835A /* TrackListView.swift */ = {isa = PBXFileReference; lastKnownFileType = sourcecode.swift; path = TrackListView.swift; sourceTree = "<group>"; };
		EE3EA3E72700E61F00E3835A /* TrackListViewModel.swift */ = {isa = PBXFileReference; lastKnownFileType = sourcecode.swift; path = TrackListViewModel.swift; sourceTree = "<group>"; };
		EE3EA3EB27050FA400E3835A /* MockArtistRepository.swift */ = {isa = PBXFileReference; lastKnownFileType = sourcecode.swift; path = MockArtistRepository.swift; sourceTree = "<group>"; };
		EE3EA3F12705115500E3835A /* albums.json */ = {isa = PBXFileReference; fileEncoding = 4; lastKnownFileType = text.json; path = albums.json; sourceTree = "<group>"; };
		EE3EA3F22705115500E3835A /* artists.json */ = {isa = PBXFileReference; fileEncoding = 4; lastKnownFileType = text.json; path = artists.json; sourceTree = "<group>"; };
		EE3EA3F32705115500E3835A /* tracks.json */ = {isa = PBXFileReference; fileEncoding = 4; lastKnownFileType = text.json; path = tracks.json; sourceTree = "<group>"; };
		EE3EA3F72705117300E3835A /* DataLoader.swift */ = {isa = PBXFileReference; lastKnownFileType = sourcecode.swift; path = DataLoader.swift; sourceTree = "<group>"; };
		EE3EA3F92705133300E3835A /* ArtistRepositoryTests.swift */ = {isa = PBXFileReference; lastKnownFileType = sourcecode.swift; path = ArtistRepositoryTests.swift; sourceTree = "<group>"; };
		EE3EA3FB2705164700E3835A /* ArtistListViewModelTests.swift */ = {isa = PBXFileReference; lastKnownFileType = sourcecode.swift; path = ArtistListViewModelTests.swift; sourceTree = "<group>"; };
		EE3EA3FD270517E100E3835A /* AlbumListViewModelTests.swift */ = {isa = PBXFileReference; lastKnownFileType = sourcecode.swift; path = AlbumListViewModelTests.swift; sourceTree = "<group>"; };
		EE3EA3FF2705189700E3835A /* TrackListViewModelTests.swift */ = {isa = PBXFileReference; lastKnownFileType = sourcecode.swift; path = TrackListViewModelTests.swift; sourceTree = "<group>"; };
		EE3EA4012705190C00E3835A /* ArtistTests.swift */ = {isa = PBXFileReference; lastKnownFileType = sourcecode.swift; path = ArtistTests.swift; sourceTree = "<group>"; };
/* End PBXFileReference section */

/* Begin PBXFrameworksBuildPhase section */
		EE3EA38726FD30CA00E3835A /* Frameworks */ = {
			isa = PBXFrameworksBuildPhase;
			buildActionMask = 2147483647;
			files = (
			);
			runOnlyForDeploymentPostprocessing = 0;
		};
		EE3EA39726FD30CC00E3835A /* Frameworks */ = {
			isa = PBXFrameworksBuildPhase;
			buildActionMask = 2147483647;
			files = (
			);
			runOnlyForDeploymentPostprocessing = 0;
		};
/* End PBXFrameworksBuildPhase section */

/* Begin PBXGroup section */
		EE3EA38126FD30CA00E3835A = {
			isa = PBXGroup;
			children = (
				EE3EA38C26FD30CA00E3835A /* MusicApp */,
				EE3EA39D26FD30CC00E3835A /* MusicAppTests */,
				EE3EA38B26FD30CA00E3835A /* Products */,
			);
			sourceTree = "<group>";
		};
		EE3EA38B26FD30CA00E3835A /* Products */ = {
			isa = PBXGroup;
			children = (
				EE3EA38A26FD30CA00E3835A /* MusicApp.app */,
				EE3EA39A26FD30CC00E3835A /* MusicAppTests.xctest */,
			);
			name = Products;
			sourceTree = "<group>";
		};
		EE3EA38C26FD30CA00E3835A /* MusicApp */ = {
			isa = PBXGroup;
			children = (
				EE3EA3B726FD34EA00E3835A /* Core */,
				EE3EA3C126FD356B00E3835A /* Features */,
				EE3EA38D26FD30CA00E3835A /* MusicAppApp.swift */,
				EE3EA39126FD30CB00E3835A /* Assets.xcassets */,
				EE3EA39326FD30CB00E3835A /* Preview Content */,
			);
			path = MusicApp;
			sourceTree = "<group>";
		};
		EE3EA39326FD30CB00E3835A /* Preview Content */ = {
			isa = PBXGroup;
			children = (
				EE3EA3F12705115500E3835A /* albums.json */,
				EE3EA3F22705115500E3835A /* artists.json */,
				EE3EA3F32705115500E3835A /* tracks.json */,
				EE3EA39426FD30CB00E3835A /* Preview Assets.xcassets */,
			);
			path = "Preview Content";
			sourceTree = "<group>";
		};
		EE3EA39D26FD30CC00E3835A /* MusicAppTests */ = {
			isa = PBXGroup;
			children = (
				EE3EA3F0270510E900E3835A /* Helpers */,
				EE3EA3EF27050FF000E3835A /* ViewModels */,
				EE3EA3E927050F7A00E3835A /* Core */,
				EE3EA39E26FD30CC00E3835A /* MusicAppTests.swift */,
			);
			path = MusicAppTests;
			sourceTree = "<group>";
		};
		EE3EA3B726FD34EA00E3835A /* Core */ = {
			isa = PBXGroup;
			children = (
				EE3EA3B826FD34F400E3835A /* Data */,
				EE3EA3B926FD34FA00E3835A /* Domain */,
			);
			path = Core;
			sourceTree = "<group>";
		};
		EE3EA3B826FD34F400E3835A /* Data */ = {
			isa = PBXGroup;
			children = (
				EE3EA3BA26FD351600E3835A /* Repositories */,
			);
			path = Data;
			sourceTree = "<group>";
		};
		EE3EA3B926FD34FA00E3835A /* Domain */ = {
			isa = PBXGroup;
			children = (
				EE3EA3BD26FD353300E3835A /* Models */,
			);
			path = Domain;
			sourceTree = "<group>";
		};
		EE3EA3BA26FD351600E3835A /* Repositories */ = {
			isa = PBXGroup;
			children = (
				EE3EA3CB27008E6B00E3835A /* Artists */,
				EE3EA3C727008D4F00E3835A /* APIError.swift */,
				EE3EA3D3270094BE00E3835A /* Response.swift */,
				EE3EA3D527009DF800E3835A /* URLSession+Extensions.swift */,
			);
			path = Repositories;
			sourceTree = "<group>";
		};
		EE3EA3BD26FD353300E3835A /* Models */ = {
			isa = PBXGroup;
			children = (
				EE3EA3BE26FD354200E3835A /* Album.swift */,
				EE3EA3BB26FD353000E3835A /* Artist.swift */,
				EE3EA3C326FD360000E3835A /* Track.swift */,
			);
			path = Models;
			sourceTree = "<group>";
		};
		EE3EA3C026FD355700E3835A /* ArtistList */ = {
			isa = PBXGroup;
			children = (
				EE3EA3D727009F0800E3835A /* ArtistsListView.swift */,
				EE3EA3D927009F2400E3835A /* ArtistListViewModel.swift */,
			);
			path = ArtistList;
			sourceTree = "<group>";
		};
		EE3EA3C126FD356B00E3835A /* Features */ = {
			isa = PBXGroup;
			children = (
				EE3EA3DB2700ACAF00E3835A /* Common */,
				EE3EA3C226FD357300E3835A /* AlbumList */,
				EE3EA3C026FD355700E3835A /* ArtistList */,
				EE3EA3E42700E51700E3835A /* TrackList */,
			);
			path = Features;
			sourceTree = "<group>";
		};
		EE3EA3C226FD357300E3835A /* AlbumList */ = {
			isa = PBXGroup;
			children = (
				EE3EA3DE2700D59800E3835A /* AlbumListView.swift */,
				EE3EA3E02700D73500E3835A /* AlbumListViewModel.swift */,
				EE3EA3E22700DA5300E3835A /* AlbumView.swift */,
			);
			path = AlbumList;
			sourceTree = "<group>";
		};
		EE3EA3CB27008E6B00E3835A /* Artists */ = {
			isa = PBXGroup;
			children = (
				EE3EA3C527008C2000E3835A /* ArtistsRepository.swift */,
				EE3EA3CF27008F5B00E3835A /* ArtistsRemoteRepository.swift */,
			);
			path = Artists;
			sourceTree = "<group>";
		};
		EE3EA3DB2700ACAF00E3835A /* Common */ = {
			isa = PBXGroup;
			children = (
				EE3EA3DC2700C92B00E3835A /* ThumbnailImageView.swift */,
			);
			path = Common;
			sourceTree = "<group>";
		};
		EE3EA3E42700E51700E3835A /* TrackList */ = {
			isa = PBXGroup;
			children = (
				EE3EA3E52700E53100E3835A /* TrackListView.swift */,
				EE3EA3E72700E61F00E3835A /* TrackListViewModel.swift */,
			);
			path = TrackList;
			sourceTree = "<group>";
		};
		EE3EA3E927050F7A00E3835A /* Core */ = {
			isa = PBXGroup;
			children = (
				EE3EA3EE27050FD900E3835A /* Data */,
				EE3EA3ED27050FB200E3835A /* Domain */,
				EE3EA3EA27050F8A00E3835A /* Mocks */,
			);
			path = Core;
			sourceTree = "<group>";
		};
		EE3EA3EA27050F8A00E3835A /* Mocks */ = {
			isa = PBXGroup;
			children = (
				EE3EA3EB27050FA400E3835A /* MockArtistRepository.swift */,
			);
			path = Mocks;
			sourceTree = "<group>";
		};
		EE3EA3ED27050FB200E3835A /* Domain */ = {
			isa = PBXGroup;
			children = (
				EE2185C627051AF2000B9554 /* AlbumTests.swift */,
				EE3EA4012705190C00E3835A /* ArtistTests.swift */,
				EE2185C427051A81000B9554 /* TrackTests.swift */,
			);
			path = Domain;
			sourceTree = "<group>";
		};
		EE3EA3EE27050FD900E3835A /* Data */ = {
			isa = PBXGroup;
			children = (
				EE3EA3F92705133300E3835A /* ArtistRepositoryTests.swift */,
			);
			path = Data;
			sourceTree = "<group>";
		};
		EE3EA3EF27050FF000E3835A /* ViewModels */ = {
			isa = PBXGroup;
			children = (
				EE3EA3FB2705164700E3835A /* ArtistListViewModelTests.swift */,
				EE3EA3FD270517E100E3835A /* AlbumListViewModelTests.swift */,
				EE3EA3FF2705189700E3835A /* TrackListViewModelTests.swift */,
			);
			path = ViewModels;
			sourceTree = "<group>";
		};
		EE3EA3F0270510E900E3835A /* Helpers */ = {
			isa = PBXGroup;
			children = (
				EE3EA3F72705117300E3835A /* DataLoader.swift */,
			);
			path = Helpers;
			sourceTree = "<group>";
		};
/* End PBXGroup section */

/* Begin PBXNativeTarget section */
		EE3EA38926FD30CA00E3835A /* MusicApp */ = {
			isa = PBXNativeTarget;
			buildConfigurationList = EE3EA3AE26FD30CC00E3835A /* Build configuration list for PBXNativeTarget "MusicApp" */;
			buildPhases = (
				EE3EA38626FD30CA00E3835A /* Sources */,
				EE3EA38726FD30CA00E3835A /* Frameworks */,
				EE3EA38826FD30CA00E3835A /* Resources */,
			);
			buildRules = (
			);
			dependencies = (
			);
			name = MusicApp;
			productName = MusicApp;
			productReference = EE3EA38A26FD30CA00E3835A /* MusicApp.app */;
			productType = "com.apple.product-type.application";
		};
		EE3EA39926FD30CC00E3835A /* MusicAppTests */ = {
			isa = PBXNativeTarget;
			buildConfigurationList = EE3EA3B126FD30CC00E3835A /* Build configuration list for PBXNativeTarget "MusicAppTests" */;
			buildPhases = (
				EE3EA39626FD30CC00E3835A /* Sources */,
				EE3EA39726FD30CC00E3835A /* Frameworks */,
				EE3EA39826FD30CC00E3835A /* Resources */,
			);
			buildRules = (
			);
			dependencies = (
				EE3EA39C26FD30CC00E3835A /* PBXTargetDependency */,
			);
			name = MusicAppTests;
			productName = MusicAppTests;
			productReference = EE3EA39A26FD30CC00E3835A /* MusicAppTests.xctest */;
			productType = "com.apple.product-type.bundle.unit-test";
		};
/* End PBXNativeTarget section */

/* Begin PBXProject section */
		EE3EA38226FD30CA00E3835A /* Project object */ = {
			isa = PBXProject;
			attributes = {
				BuildIndependentTargetsInParallel = 1;
				LastSwiftUpdateCheck = 1300;
				LastUpgradeCheck = 1300;
				TargetAttributes = {
					EE3EA38926FD30CA00E3835A = {
						CreatedOnToolsVersion = 13.0;
					};
					EE3EA39926FD30CC00E3835A = {
						CreatedOnToolsVersion = 13.0;
						TestTargetID = EE3EA38926FD30CA00E3835A;
					};
				};
			};
			buildConfigurationList = EE3EA38526FD30CA00E3835A /* Build configuration list for PBXProject "MusicApp" */;
			compatibilityVersion = "Xcode 13.0";
			developmentRegion = en;
			hasScannedForEncodings = 0;
			knownRegions = (
				en,
				Base,
			);
			mainGroup = EE3EA38126FD30CA00E3835A;
			productRefGroup = EE3EA38B26FD30CA00E3835A /* Products */;
			projectDirPath = "";
			projectRoot = "";
			targets = (
				EE3EA38926FD30CA00E3835A /* MusicApp */,
				EE3EA39926FD30CC00E3835A /* MusicAppTests */,
			);
		};
/* End PBXProject section */

/* Begin PBXResourcesBuildPhase section */
		EE3EA38826FD30CA00E3835A /* Resources */ = {
			isa = PBXResourcesBuildPhase;
			buildActionMask = 2147483647;
			files = (
				EE3EA3F42705115500E3835A /* albums.json in Resources */,
				EE3EA39526FD30CB00E3835A /* Preview Assets.xcassets in Resources */,
				EE3EA3F52705115500E3835A /* artists.json in Resources */,
				EE3EA3F62705115500E3835A /* tracks.json in Resources */,
				EE3EA39226FD30CB00E3835A /* Assets.xcassets in Resources */,
			);
			runOnlyForDeploymentPostprocessing = 0;
		};
		EE3EA39826FD30CC00E3835A /* Resources */ = {
			isa = PBXResourcesBuildPhase;
			buildActionMask = 2147483647;
			files = (
			);
			runOnlyForDeploymentPostprocessing = 0;
		};
/* End PBXResourcesBuildPhase section */

/* Begin PBXSourcesBuildPhase section */
		EE3EA38626FD30CA00E3835A /* Sources */ = {
			isa = PBXSourcesBuildPhase;
			buildActionMask = 2147483647;
			files = (
				EE3EA3C627008C2000E3835A /* ArtistsRepository.swift in Sources */,
				EE3EA3D627009DF800E3835A /* URLSession+Extensions.swift in Sources */,
				EE3EA3BC26FD353000E3835A /* Artist.swift in Sources */,
				EE3EA3E32700DA5300E3835A /* AlbumView.swift in Sources */,
				EE3EA3DD2700C92B00E3835A /* ThumbnailImageView.swift in Sources */,
				EE3EA3C426FD360000E3835A /* Track.swift in Sources */,
				EE3EA3D4270094BE00E3835A /* Response.swift in Sources */,
				EE3EA38E26FD30CA00E3835A /* MusicAppApp.swift in Sources */,
				EE3EA3BF26FD354200E3835A /* Album.swift in Sources */,
				EE3EA3D027008F5B00E3835A /* ArtistsRemoteRepository.swift in Sources */,
				EE3EA3E62700E53100E3835A /* TrackListView.swift in Sources */,
				EE3EA3D827009F0800E3835A /* ArtistsListView.swift in Sources */,
				EE3EA3DA27009F2400E3835A /* ArtistListViewModel.swift in Sources */,
				EE3EA3C827008D4F00E3835A /* APIError.swift in Sources */,
				EE3EA3E12700D73500E3835A /* AlbumListViewModel.swift in Sources */,
				EE3EA3E82700E61F00E3835A /* TrackListViewModel.swift in Sources */,
				EE3EA3DF2700D59800E3835A /* AlbumListView.swift in Sources */,
			);
			runOnlyForDeploymentPostprocessing = 0;
		};
		EE3EA39626FD30CC00E3835A /* Sources */ = {
			isa = PBXSourcesBuildPhase;
			buildActionMask = 2147483647;
			files = (
				EE3EA3FA2705133300E3835A /* ArtistRepositoryTests.swift in Sources */,
				EE3EA3EC27050FA400E3835A /* MockArtistRepository.swift in Sources */,
				EE3EA3FE270517E100E3835A /* AlbumListViewModelTests.swift in Sources */,
				EE2185C527051A81000B9554 /* TrackTests.swift in Sources */,
				EE3EA39F26FD30CC00E3835A /* MusicAppTests.swift in Sources */,
				EE3EA3F82705117300E3835A /* DataLoader.swift in Sources */,
				EE3EA3FC2705164700E3835A /* ArtistListViewModelTests.swift in Sources */,
				EE3EA4022705190C00E3835A /* ArtistTests.swift in Sources */,
				EE3EA4002705189700E3835A /* TrackListViewModelTests.swift in Sources */,
				EE2185C727051AF2000B9554 /* AlbumTests.swift in Sources */,
			);
			runOnlyForDeploymentPostprocessing = 0;
		};
/* End PBXSourcesBuildPhase section */

/* Begin PBXTargetDependency section */
		EE3EA39C26FD30CC00E3835A /* PBXTargetDependency */ = {
			isa = PBXTargetDependency;
			target = EE3EA38926FD30CA00E3835A /* MusicApp */;
			targetProxy = EE3EA39B26FD30CC00E3835A /* PBXContainerItemProxy */;
		};
/* End PBXTargetDependency section */

/* Begin XCBuildConfiguration section */
		EE3EA3AC26FD30CC00E3835A /* Debug */ = {
			isa = XCBuildConfiguration;
			buildSettings = {
				ALWAYS_SEARCH_USER_PATHS = NO;
				CLANG_ANALYZER_NONNULL = YES;
				CLANG_ANALYZER_NUMBER_OBJECT_CONVERSION = YES_AGGRESSIVE;
				CLANG_CXX_LANGUAGE_STANDARD = "gnu++17";
				CLANG_CXX_LIBRARY = "libc++";
				CLANG_ENABLE_MODULES = YES;
				CLANG_ENABLE_OBJC_ARC = YES;
				CLANG_ENABLE_OBJC_WEAK = YES;
				CLANG_WARN_BLOCK_CAPTURE_AUTORELEASING = YES;
				CLANG_WARN_BOOL_CONVERSION = YES;
				CLANG_WARN_COMMA = YES;
				CLANG_WARN_CONSTANT_CONVERSION = YES;
				CLANG_WARN_DEPRECATED_OBJC_IMPLEMENTATIONS = YES;
				CLANG_WARN_DIRECT_OBJC_ISA_USAGE = YES_ERROR;
				CLANG_WARN_DOCUMENTATION_COMMENTS = YES;
				CLANG_WARN_EMPTY_BODY = YES;
				CLANG_WARN_ENUM_CONVERSION = YES;
				CLANG_WARN_INFINITE_RECURSION = YES;
				CLANG_WARN_INT_CONVERSION = YES;
				CLANG_WARN_NON_LITERAL_NULL_CONVERSION = YES;
				CLANG_WARN_OBJC_IMPLICIT_RETAIN_SELF = YES;
				CLANG_WARN_OBJC_LITERAL_CONVERSION = YES;
				CLANG_WARN_OBJC_ROOT_CLASS = YES_ERROR;
				CLANG_WARN_QUOTED_INCLUDE_IN_FRAMEWORK_HEADER = YES;
				CLANG_WARN_RANGE_LOOP_ANALYSIS = YES;
				CLANG_WARN_STRICT_PROTOTYPES = YES;
				CLANG_WARN_SUSPICIOUS_MOVE = YES;
				CLANG_WARN_UNGUARDED_AVAILABILITY = YES_AGGRESSIVE;
				CLANG_WARN_UNREACHABLE_CODE = YES;
				CLANG_WARN__DUPLICATE_METHOD_MATCH = YES;
				COPY_PHASE_STRIP = NO;
				DEBUG_INFORMATION_FORMAT = dwarf;
				ENABLE_STRICT_OBJC_MSGSEND = YES;
				ENABLE_TESTABILITY = YES;
				GCC_C_LANGUAGE_STANDARD = gnu11;
				GCC_DYNAMIC_NO_PIC = NO;
				GCC_NO_COMMON_BLOCKS = YES;
				GCC_OPTIMIZATION_LEVEL = 0;
				GCC_PREPROCESSOR_DEFINITIONS = (
					"DEBUG=1",
					"$(inherited)",
				);
				GCC_WARN_64_TO_32_BIT_CONVERSION = YES;
				GCC_WARN_ABOUT_RETURN_TYPE = YES_ERROR;
				GCC_WARN_UNDECLARED_SELECTOR = YES;
				GCC_WARN_UNINITIALIZED_AUTOS = YES_AGGRESSIVE;
				GCC_WARN_UNUSED_FUNCTION = YES;
				GCC_WARN_UNUSED_VARIABLE = YES;
				IPHONEOS_DEPLOYMENT_TARGET = 15.0;
				MTL_ENABLE_DEBUG_INFO = INCLUDE_SOURCE;
				MTL_FAST_MATH = YES;
				ONLY_ACTIVE_ARCH = YES;
				SDKROOT = iphoneos;
				SWIFT_ACTIVE_COMPILATION_CONDITIONS = DEBUG;
				SWIFT_OPTIMIZATION_LEVEL = "-Onone";
			};
			name = Debug;
		};
		EE3EA3AD26FD30CC00E3835A /* Release */ = {
			isa = XCBuildConfiguration;
			buildSettings = {
				ALWAYS_SEARCH_USER_PATHS = NO;
				CLANG_ANALYZER_NONNULL = YES;
				CLANG_ANALYZER_NUMBER_OBJECT_CONVERSION = YES_AGGRESSIVE;
				CLANG_CXX_LANGUAGE_STANDARD = "gnu++17";
				CLANG_CXX_LIBRARY = "libc++";
				CLANG_ENABLE_MODULES = YES;
				CLANG_ENABLE_OBJC_ARC = YES;
				CLANG_ENABLE_OBJC_WEAK = YES;
				CLANG_WARN_BLOCK_CAPTURE_AUTORELEASING = YES;
				CLANG_WARN_BOOL_CONVERSION = YES;
				CLANG_WARN_COMMA = YES;
				CLANG_WARN_CONSTANT_CONVERSION = YES;
				CLANG_WARN_DEPRECATED_OBJC_IMPLEMENTATIONS = YES;
				CLANG_WARN_DIRECT_OBJC_ISA_USAGE = YES_ERROR;
				CLANG_WARN_DOCUMENTATION_COMMENTS = YES;
				CLANG_WARN_EMPTY_BODY = YES;
				CLANG_WARN_ENUM_CONVERSION = YES;
				CLANG_WARN_INFINITE_RECURSION = YES;
				CLANG_WARN_INT_CONVERSION = YES;
				CLANG_WARN_NON_LITERAL_NULL_CONVERSION = YES;
				CLANG_WARN_OBJC_IMPLICIT_RETAIN_SELF = YES;
				CLANG_WARN_OBJC_LITERAL_CONVERSION = YES;
				CLANG_WARN_OBJC_ROOT_CLASS = YES_ERROR;
				CLANG_WARN_QUOTED_INCLUDE_IN_FRAMEWORK_HEADER = YES;
				CLANG_WARN_RANGE_LOOP_ANALYSIS = YES;
				CLANG_WARN_STRICT_PROTOTYPES = YES;
				CLANG_WARN_SUSPICIOUS_MOVE = YES;
				CLANG_WARN_UNGUARDED_AVAILABILITY = YES_AGGRESSIVE;
				CLANG_WARN_UNREACHABLE_CODE = YES;
				CLANG_WARN__DUPLICATE_METHOD_MATCH = YES;
				COPY_PHASE_STRIP = NO;
				DEBUG_INFORMATION_FORMAT = "dwarf-with-dsym";
				ENABLE_NS_ASSERTIONS = NO;
				ENABLE_STRICT_OBJC_MSGSEND = YES;
				GCC_C_LANGUAGE_STANDARD = gnu11;
				GCC_NO_COMMON_BLOCKS = YES;
				GCC_WARN_64_TO_32_BIT_CONVERSION = YES;
				GCC_WARN_ABOUT_RETURN_TYPE = YES_ERROR;
				GCC_WARN_UNDECLARED_SELECTOR = YES;
				GCC_WARN_UNINITIALIZED_AUTOS = YES_AGGRESSIVE;
				GCC_WARN_UNUSED_FUNCTION = YES;
				GCC_WARN_UNUSED_VARIABLE = YES;
				IPHONEOS_DEPLOYMENT_TARGET = 15.0;
				MTL_ENABLE_DEBUG_INFO = NO;
				MTL_FAST_MATH = YES;
				SDKROOT = iphoneos;
				SWIFT_COMPILATION_MODE = wholemodule;
				SWIFT_OPTIMIZATION_LEVEL = "-O";
				VALIDATE_PRODUCT = YES;
			};
			name = Release;
		};
		EE3EA3AF26FD30CC00E3835A /* Debug */ = {
			isa = XCBuildConfiguration;
			buildSettings = {
				ASSETCATALOG_COMPILER_APPICON_NAME = AppIcon;
				ASSETCATALOG_COMPILER_GLOBAL_ACCENT_COLOR_NAME = AccentColor;
				CODE_SIGN_STYLE = Automatic;
				CURRENT_PROJECT_VERSION = 1;
				DEVELOPMENT_ASSET_PATHS = "\"MusicApp/Preview Content\"";
				DEVELOPMENT_TEAM = KH7D2YUBPG;
				ENABLE_PREVIEWS = YES;
				GENERATE_INFOPLIST_FILE = YES;
				INFOPLIST_KEY_UIApplicationSceneManifest_Generation = YES;
				INFOPLIST_KEY_UIApplicationSupportsIndirectInputEvents = YES;
				INFOPLIST_KEY_UILaunchScreen_Generation = YES;
				INFOPLIST_KEY_UISupportedInterfaceOrientations_iPad = "UIInterfaceOrientationPortrait UIInterfaceOrientationPortraitUpsideDown UIInterfaceOrientationLandscapeLeft UIInterfaceOrientationLandscapeRight";
				INFOPLIST_KEY_UISupportedInterfaceOrientations_iPhone = "UIInterfaceOrientationPortrait UIInterfaceOrientationLandscapeLeft UIInterfaceOrientationLandscapeRight";
				IPHONEOS_DEPLOYMENT_TARGET = 15.0;
				LD_RUNPATH_SEARCH_PATHS = (
					"$(inherited)",
					"@executable_path/Frameworks",
				);
				MARKETING_VERSION = 1.0;
				PRODUCT_BUNDLE_IDENTIFIER = com.libranner.MusicApp;
				PRODUCT_NAME = "$(TARGET_NAME)";
				SWIFT_EMIT_LOC_STRINGS = YES;
				SWIFT_VERSION = 5.0;
				TARGETED_DEVICE_FAMILY = "1,2";
			};
			name = Debug;
		};
		EE3EA3B026FD30CC00E3835A /* Release */ = {
			isa = XCBuildConfiguration;
			buildSettings = {
				ASSETCATALOG_COMPILER_APPICON_NAME = AppIcon;
				ASSETCATALOG_COMPILER_GLOBAL_ACCENT_COLOR_NAME = AccentColor;
				CODE_SIGN_STYLE = Automatic;
				CURRENT_PROJECT_VERSION = 1;
				DEVELOPMENT_ASSET_PATHS = "\"MusicApp/Preview Content\"";
				DEVELOPMENT_TEAM = KH7D2YUBPG;
				ENABLE_PREVIEWS = YES;
				GENERATE_INFOPLIST_FILE = YES;
				INFOPLIST_KEY_UIApplicationSceneManifest_Generation = YES;
				INFOPLIST_KEY_UIApplicationSupportsIndirectInputEvents = YES;
				INFOPLIST_KEY_UILaunchScreen_Generation = YES;
				INFOPLIST_KEY_UISupportedInterfaceOrientations_iPad = "UIInterfaceOrientationPortrait UIInterfaceOrientationPortraitUpsideDown UIInterfaceOrientationLandscapeLeft UIInterfaceOrientationLandscapeRight";
				INFOPLIST_KEY_UISupportedInterfaceOrientations_iPhone = "UIInterfaceOrientationPortrait UIInterfaceOrientationLandscapeLeft UIInterfaceOrientationLandscapeRight";
				IPHONEOS_DEPLOYMENT_TARGET = 15.0;
				LD_RUNPATH_SEARCH_PATHS = (
					"$(inherited)",
					"@executable_path/Frameworks",
				);
				MARKETING_VERSION = 1.0;
				PRODUCT_BUNDLE_IDENTIFIER = com.libranner.MusicApp;
				PRODUCT_NAME = "$(TARGET_NAME)";
				SWIFT_EMIT_LOC_STRINGS = YES;
				SWIFT_VERSION = 5.0;
				TARGETED_DEVICE_FAMILY = "1,2";
			};
			name = Release;
		};
		EE3EA3B226FD30CC00E3835A /* Debug */ = {
			isa = XCBuildConfiguration;
			buildSettings = {
				ALWAYS_EMBED_SWIFT_STANDARD_LIBRARIES = YES;
				BUNDLE_LOADER = "$(TEST_HOST)";
				CODE_SIGN_STYLE = Automatic;
				CURRENT_PROJECT_VERSION = 1;
				DEVELOPMENT_TEAM = KH7D2YUBPG;
				GENERATE_INFOPLIST_FILE = YES;
				IPHONEOS_DEPLOYMENT_TARGET = 15.0;
				LD_RUNPATH_SEARCH_PATHS = (
					"$(inherited)",
					"@executable_path/Frameworks",
					"@loader_path/Frameworks",
				);
				MARKETING_VERSION = 1.0;
				PRODUCT_BUNDLE_IDENTIFIER = com.libranner.MusicAppTests;
				PRODUCT_NAME = "$(TARGET_NAME)";
				SWIFT_EMIT_LOC_STRINGS = NO;
				SWIFT_VERSION = 5.0;
				TARGETED_DEVICE_FAMILY = "1,2";
				TEST_HOST = "$(BUILT_PRODUCTS_DIR)/MusicApp.app/MusicApp";
			};
			name = Debug;
		};
		EE3EA3B326FD30CC00E3835A /* Release */ = {
			isa = XCBuildConfiguration;
			buildSettings = {
				ALWAYS_EMBED_SWIFT_STANDARD_LIBRARIES = YES;
				BUNDLE_LOADER = "$(TEST_HOST)";
				CODE_SIGN_STYLE = Automatic;
				CURRENT_PROJECT_VERSION = 1;
				DEVELOPMENT_TEAM = KH7D2YUBPG;
				GENERATE_INFOPLIST_FILE = YES;
				IPHONEOS_DEPLOYMENT_TARGET = 15.0;
				LD_RUNPATH_SEARCH_PATHS = (
					"$(inherited)",
					"@executable_path/Frameworks",
					"@loader_path/Frameworks",
				);
				MARKETING_VERSION = 1.0;
				PRODUCT_BUNDLE_IDENTIFIER = com.libranner.MusicAppTests;
				PRODUCT_NAME = "$(TARGET_NAME)";
				SWIFT_EMIT_LOC_STRINGS = NO;
				SWIFT_VERSION = 5.0;
				TARGETED_DEVICE_FAMILY = "1,2";
				TEST_HOST = "$(BUILT_PRODUCTS_DIR)/MusicApp.app/MusicApp";
			};
			name = Release;
		};
/* End XCBuildConfiguration section */

/* Begin XCConfigurationList section */
		EE3EA38526FD30CA00E3835A /* Build configuration list for PBXProject "MusicApp" */ = {
			isa = XCConfigurationList;
			buildConfigurations = (
				EE3EA3AC26FD30CC00E3835A /* Debug */,
				EE3EA3AD26FD30CC00E3835A /* Release */,
			);
			defaultConfigurationIsVisible = 0;
			defaultConfigurationName = Release;
		};
		EE3EA3AE26FD30CC00E3835A /* Build configuration list for PBXNativeTarget "MusicApp" */ = {
			isa = XCConfigurationList;
			buildConfigurations = (
				EE3EA3AF26FD30CC00E3835A /* Debug */,
				EE3EA3B026FD30CC00E3835A /* Release */,
			);
			defaultConfigurationIsVisible = 0;
			defaultConfigurationName = Release;
		};
		EE3EA3B126FD30CC00E3835A /* Build configuration list for PBXNativeTarget "MusicAppTests" */ = {
			isa = XCConfigurationList;
			buildConfigurations = (
				EE3EA3B226FD30CC00E3835A /* Debug */,
				EE3EA3B326FD30CC00E3835A /* Release */,
			);
			defaultConfigurationIsVisible = 0;
			defaultConfigurationName = Release;
		};
/* End XCConfigurationList section */
	};
	rootObject = EE3EA38226FD30CA00E3835A /* Project object */;
}
